
Microsoft Visual Studio Solution File, Format Version 12.00
# Visual Studio 15
VisualStudioVersion = 15.0.28010.2036
MinimumVisualStudioVersion = 10.0.40219.1
Project("{FAE04EC0-301F-11D3-BF4B-00C04F79EFBC}") = "utilWindow", "utilWindow\utilWindow.csproj", "{15CB7D80-4F4C-4957-9E4B-50600F215F6B}"
EndProject
Global
	GlobalSection(SolutionConfigurationPlatforms) = preSolution
		Debug|Any CPU = Debug|Any CPU
		Release|Any CPU = Release|Any CPU
	EndGlobalSection
	GlobalSection(ProjectConfigurationPlatforms) = postSolution
		{15CB7D80-4F4C-4957-9E4B-50600F215F6B}.Debug|Any CPU.ActiveCfg = Debug|Any CPU
		{15CB7D80-4F4C-4957-9E4B-50600F215F6B}.Debug|Any CPU.Build.0 = Debug|Any CPU
		{15CB7D80-4F4C-4957-9E4B-50600F215F6B}.Release|Any CPU.ActiveCfg = Release|Any CPU
		{15CB7D80-4F4C-4957-9E4B-50600F215F6B}.Release|Any CPU.Build.0 = Release|Any CPU
	EndGlobalSection
	GlobalSection(SolutionProperties) = preSolution
		HideSolutionNode = FALSE
	EndGlobalSection
	GlobalSection(ExtensibilityGlobals) = postSolution
		SolutionGuid = {B10225FC-C4BD-449A-93AA-34834CBA9798}
	EndGlobalSection
EndGlobal
